// !$*UTF8*$!
{
	archiveVersion = 1;
	classes = {
	};
	objectVersion = 50;
	objects = {

/* Begin PBXBuildFile section */
		22C77FC2261DAD4100D85B32 /* OnlyLinesApp.swift in Sources */ = {isa = PBXBuildFile; fileRef = 22C77FC1261DAD4100D85B32 /* OnlyLinesApp.swift */; };
		22C77FC4261DAD4100D85B32 /* ContentView.swift in Sources */ = {isa = PBXBuildFile; fileRef = 22C77FC3261DAD4100D85B32 /* ContentView.swift */; };
		22C77FC6261DAD4200D85B32 /* Assets.xcassets in Resources */ = {isa = PBXBuildFile; fileRef = 22C77FC5261DAD4200D85B32 /* Assets.xcassets */; };
		22C77FC9261DAD4200D85B32 /* Preview Assets.xcassets in Resources */ = {isa = PBXBuildFile; fileRef = 22C77FC8261DAD4200D85B32 /* Preview Assets.xcassets */; };
		22C77FD4261DAD4200D85B32 /* OnlyLinesTests.swift in Sources */ = {isa = PBXBuildFile; fileRef = 22C77FD3261DAD4200D85B32 /* OnlyLinesTests.swift */; };
		22C77FDF261DAD4200D85B32 /* OnlyLinesUITests.swift in Sources */ = {isa = PBXBuildFile; fileRef = 22C77FDE261DAD4200D85B32 /* OnlyLinesUITests.swift */; };
/* End PBXBuildFile section */

/* Begin PBXContainerItemProxy section */
		22C77FD0261DAD4200D85B32 /* PBXContainerItemProxy */ = {
			isa = PBXContainerItemProxy;
			containerPortal = 22C77FB6261DAD4100D85B32 /* Project object */;
			proxyType = 1;
			remoteGlobalIDString = 22C77FBD261DAD4100D85B32;
			remoteInfo = OnlyLines;
		};
		22C77FDB261DAD4200D85B32 /* PBXContainerItemProxy */ = {
			isa = PBXContainerItemProxy;
			containerPortal = 22C77FB6261DAD4100D85B32 /* Project object */;
			proxyType = 1;
			remoteGlobalIDString = 22C77FBD261DAD4100D85B32;
			remoteInfo = OnlyLines;
		};
/* End PBXContainerItemProxy section */

/* Begin PBXFileReference section */
		22C77FBE261DAD4100D85B32 /* OnlyLines.app */ = {isa = PBXFileReference; explicitFileType = wrapper.application; includeInIndex = 0; path = OnlyLines.app; sourceTree = BUILT_PRODUCTS_DIR; };
		22C77FC1261DAD4100D85B32 /* OnlyLinesApp.swift */ = {isa = PBXFileReference; lastKnownFileType = sourcecode.swift; path = OnlyLinesApp.swift; sourceTree = "<group>"; };
		22C77FC3261DAD4100D85B32 /* ContentView.swift */ = {isa = PBXFileReference; lastKnownFileType = sourcecode.swift; path = ContentView.swift; sourceTree = "<group>"; };
		22C77FC5261DAD4200D85B32 /* Assets.xcassets */ = {isa = PBXFileReference; lastKnownFileType = folder.assetcatalog; path = Assets.xcassets; sourceTree = "<group>"; };
		22C77FC8261DAD4200D85B32 /* Preview Assets.xcassets */ = {isa = PBXFileReference; lastKnownFileType = folder.assetcatalog; path = "Preview Assets.xcassets"; sourceTree = "<group>"; };
		22C77FCA261DAD4200D85B32 /* Info.plist */ = {isa = PBXFileReference; lastKnownFileType = text.plist.xml; path = Info.plist; sourceTree = "<group>"; };
		22C77FCF261DAD4200D85B32 /* OnlyLinesTests.xctest */ = {isa = PBXFileReference; explicitFileType = wrapper.cfbundle; includeInIndex = 0; path = OnlyLinesTests.xctest; sourceTree = BUILT_PRODUCTS_DIR; };
		22C77FD3261DAD4200D85B32 /* OnlyLinesTests.swift */ = {isa = PBXFileReference; lastKnownFileType = sourcecode.swift; path = OnlyLinesTests.swift; sourceTree = "<group>"; };
		22C77FD5261DAD4200D85B32 /* Info.plist */ = {isa = PBXFileReference; lastKnownFileType = text.plist.xml; path = Info.plist; sourceTree = "<group>"; };
		22C77FDA261DAD4200D85B32 /* OnlyLinesUITests.xctest */ = {isa = PBXFileReference; explicitFileType = wrapper.cfbundle; includeInIndex = 0; path = OnlyLinesUITests.xctest; sourceTree = BUILT_PRODUCTS_DIR; };
		22C77FDE261DAD4200D85B32 /* OnlyLinesUITests.swift */ = {isa = PBXFileReference; lastKnownFileType = sourcecode.swift; path = OnlyLinesUITests.swift; sourceTree = "<group>"; };
		22C77FE0261DAD4200D85B32 /* Info.plist */ = {isa = PBXFileReference; lastKnownFileType = text.plist.xml; path = Info.plist; sourceTree = "<group>"; };
/* End PBXFileReference section */

/* Begin PBXFrameworksBuildPhase section */
		22C77FBB261DAD4100D85B32 /* Frameworks */ = {
			isa = PBXFrameworksBuildPhase;
			buildActionMask = 2147483647;
			files = (
			);
			runOnlyForDeploymentPostprocessing = 0;
		};
		22C77FCC261DAD4200D85B32 /* Frameworks */ = {
			isa = PBXFrameworksBuildPhase;
			buildActionMask = 2147483647;
			files = (
			);
			runOnlyForDeploymentPostprocessing = 0;
		};
		22C77FD7261DAD4200D85B32 /* Frameworks */ = {
			isa = PBXFrameworksBuildPhase;
			buildActionMask = 2147483647;
			files = (
			);
			runOnlyForDeploymentPostprocessing = 0;
		};
/* End PBXFrameworksBuildPhase section */

/* Begin PBXGroup section */
		22C77FB5261DAD4100D85B32 = {
			isa = PBXGroup;
			children = (
				22C77FC0261DAD4100D85B32 /* OnlyLines */,
				22C77FD2261DAD4200D85B32 /* OnlyLinesTests */,
				22C77FDD261DAD4200D85B32 /* OnlyLinesUITests */,
				22C77FBF261DAD4100D85B32 /* Products */,
			);
			sourceTree = "<group>";
		};
		22C77FBF261DAD4100D85B32 /* Products */ = {
			isa = PBXGroup;
			children = (
				22C77FBE261DAD4100D85B32 /* OnlyLines.app */,
				22C77FCF261DAD4200D85B32 /* OnlyLinesTests.xctest */,
				22C77FDA261DAD4200D85B32 /* OnlyLinesUITests.xctest */,
			);
			name = Products;
			sourceTree = "<group>";
		};
		22C77FC0261DAD4100D85B32 /* OnlyLines */ = {
			isa = PBXGroup;
			children = (
				22C77FC1261DAD4100D85B32 /* OnlyLinesApp.swift */,
				22C77FC3261DAD4100D85B32 /* ContentView.swift */,
				22C77FC5261DAD4200D85B32 /* Assets.xcassets */,
				22C77FCA261DAD4200D85B32 /* Info.plist */,
				22C77FC7261DAD4200D85B32 /* Preview Content */,
			);
			path = OnlyLines;
			sourceTree = "<group>";
		};
		22C77FC7261DAD4200D85B32 /* Preview Content */ = {
			isa = PBXGroup;
			children = (
				22C77FC8261DAD4200D85B32 /* Preview Assets.xcassets */,
			);
			path = "Preview Content";
			sourceTree = "<group>";
		};
		22C77FD2261DAD4200D85B32 /* OnlyLinesTests */ = {
			isa = PBXGroup;
			children = (
				22C77FD3261DAD4200D85B32 /* OnlyLinesTests.swift */,
				22C77FD5261DAD4200D85B32 /* Info.plist */,
			);
			path = OnlyLinesTests;
			sourceTree = "<group>";
		};
		22C77FDD261DAD4200D85B32 /* OnlyLinesUITests */ = {
			isa = PBXGroup;
			children = (
				22C77FDE261DAD4200D85B32 /* OnlyLinesUITests.swift */,
				22C77FE0261DAD4200D85B32 /* Info.plist */,
			);
			path = OnlyLinesUITests;
			sourceTree = "<group>";
		};
/* End PBXGroup section */

/* Begin PBXNativeTarget section */
		22C77FBD261DAD4100D85B32 /* OnlyLines */ = {
			isa = PBXNativeTarget;
			buildConfigurationList = 22C77FE3261DAD4200D85B32 /* Build configuration list for PBXNativeTarget "OnlyLines" */;
			buildPhases = (
				22C77FBA261DAD4100D85B32 /* Sources */,
				22C77FBB261DAD4100D85B32 /* Frameworks */,
				22C77FBC261DAD4100D85B32 /* Resources */,
			);
			buildRules = (
			);
			dependencies = (
			);
			name = OnlyLines;
			productName = OnlyLines;
			productReference = 22C77FBE261DAD4100D85B32 /* OnlyLines.app */;
			productType = "com.apple.product-type.application";
		};
		22C77FCE261DAD4200D85B32 /* OnlyLinesTests */ = {
			isa = PBXNativeTarget;
			buildConfigurationList = 22C77FE6261DAD4200D85B32 /* Build configuration list for PBXNativeTarget "OnlyLinesTests" */;
			buildPhases = (
				22C77FCB261DAD4200D85B32 /* Sources */,
				22C77FCC261DAD4200D85B32 /* Frameworks */,
				22C77FCD261DAD4200D85B32 /* Resources */,
			);
			buildRules = (
			);
			dependencies = (
				22C77FD1261DAD4200D85B32 /* PBXTargetDependency */,
			);
			name = OnlyLinesTests;
			productName = OnlyLinesTests;
			productReference = 22C77FCF261DAD4200D85B32 /* OnlyLinesTests.xctest */;
			productType = "com.apple.product-type.bundle.unit-test";
		};
		22C77FD9261DAD4200D85B32 /* OnlyLinesUITests */ = {
			isa = PBXNativeTarget;
			buildConfigurationList = 22C77FE9261DAD4200D85B32 /* Build configuration list for PBXNativeTarget "OnlyLinesUITests" */;
			buildPhases = (
				22C77FD6261DAD4200D85B32 /* Sources */,
				22C77FD7261DAD4200D85B32 /* Frameworks */,
				22C77FD8261DAD4200D85B32 /* Resources */,
			);
			buildRules = (
			);
			dependencies = (
				22C77FDC261DAD4200D85B32 /* PBXTargetDependency */,
			);
			name = OnlyLinesUITests;
			productName = OnlyLinesUITests;
			productReference = 22C77FDA261DAD4200D85B32 /* OnlyLinesUITests.xctest */;
			productType = "com.apple.product-type.bundle.ui-testing";
		};
/* End PBXNativeTarget section */

/* Begin PBXProject section */
		22C77FB6261DAD4100D85B32 /* Project object */ = {
			isa = PBXProject;
			attributes = {
				LastSwiftUpdateCheck = 1240;
				LastUpgradeCheck = 1240;
				TargetAttributes = {
					22C77FBD261DAD4100D85B32 = {
						CreatedOnToolsVersion = 12.4;
					};
					22C77FCE261DAD4200D85B32 = {
						CreatedOnToolsVersion = 12.4;
						TestTargetID = 22C77FBD261DAD4100D85B32;
					};
					22C77FD9261DAD4200D85B32 = {
						CreatedOnToolsVersion = 12.4;
						TestTargetID = 22C77FBD261DAD4100D85B32;
					};
				};
			};
			buildConfigurationList = 22C77FB9261DAD4100D85B32 /* Build configuration list for PBXProject "OnlyLines" */;
			compatibilityVersion = "Xcode 9.3";
			developmentRegion = en;
			hasScannedForEncodings = 0;
			knownRegions = (
				en,
				Base,
			);
			mainGroup = 22C77FB5261DAD4100D85B32;
			productRefGroup = 22C77FBF261DAD4100D85B32 /* Products */;
			projectDirPath = "";
			projectRoot = "";
			targets = (
				22C77FBD261DAD4100D85B32 /* OnlyLines */,
				22C77FCE261DAD4200D85B32 /* OnlyLinesTests */,
				22C77FD9261DAD4200D85B32 /* OnlyLinesUITests */,
			);
		};
/* End PBXProject section */

/* Begin PBXResourcesBuildPhase section */
		22C77FBC261DAD4100D85B32 /* Resources */ = {
			isa = PBXResourcesBuildPhase;
			buildActionMask = 2147483647;
			files = (
				22C77FC9261DAD4200D85B32 /* Preview Assets.xcassets in Resources */,
				22C77FC6261DAD4200D85B32 /* Assets.xcassets in Resources */,
			);
			runOnlyForDeploymentPostprocessing = 0;
		};
		22C77FCD261DAD4200D85B32 /* Resources */ = {
			isa = PBXResourcesBuildPhase;
			buildActionMask = 2147483647;
			files = (
			);
			runOnlyForDeploymentPostprocessing = 0;
		};
		22C77FD8261DAD4200D85B32 /* Resources */ = {
			isa = PBXResourcesBuildPhase;
			buildActionMask = 2147483647;
			files = (
			);
			runOnlyForDeploymentPostprocessing = 0;
		};
/* End PBXResourcesBuildPhase section */

/* Begin PBXSourcesBuildPhase section */
		22C77FBA261DAD4100D85B32 /* Sources */ = {
			isa = PBXSourcesBuildPhase;
			buildActionMask = 2147483647;
			files = (
				22C77FC4261DAD4100D85B32 /* ContentView.swift in Sources */,
				22C77FC2261DAD4100D85B32 /* OnlyLinesApp.swift in Sources */,
			);
			runOnlyForDeploymentPostprocessing = 0;
		};
		22C77FCB261DAD4200D85B32 /* Sources */ = {
			isa = PBXSourcesBuildPhase;
			buildActionMask = 2147483647;
			files = (
				22C77FD4261DAD4200D85B32 /* OnlyLinesTests.swift in Sources */,
			);
			runOnlyForDeploymentPostprocessing = 0;
		};
		22C77FD6261DAD4200D85B32 /* Sources */ = {
			isa = PBXSourcesBuildPhase;
			buildActionMask = 2147483647;
			files = (
				22C77FDF261DAD4200D85B32 /* OnlyLinesUITests.swift in Sources */,
			);
			runOnlyForDeploymentPostprocessing = 0;
		};
/* End PBXSourcesBuildPhase section */

/* Begin PBXTargetDependency section */
		22C77FD1261DAD4200D85B32 /* PBXTargetDependency */ = {
			isa = PBXTargetDependency;
			target = 22C77FBD261DAD4100D85B32 /* OnlyLines */;
			targetProxy = 22C77FD0261DAD4200D85B32 /* PBXContainerItemProxy */;
		};
		22C77FDC261DAD4200D85B32 /* PBXTargetDependency */ = {
			isa = PBXTargetDependency;
			target = 22C77FBD261DAD4100D85B32 /* OnlyLines */;
			targetProxy = 22C77FDB261DAD4200D85B32 /* PBXContainerItemProxy */;
		};
/* End PBXTargetDependency section */

/* Begin XCBuildConfiguration section */
		22C77FE1261DAD4200D85B32 /* Debug */ = {
			isa = XCBuildConfiguration;
			buildSettings = {
				ALWAYS_SEARCH_USER_PATHS = NO;
				CLANG_ANALYZER_NONNULL = YES;
				CLANG_ANALYZER_NUMBER_OBJECT_CONVERSION = YES_AGGRESSIVE;
				CLANG_CXX_LANGUAGE_STANDARD = "gnu++14";
				CLANG_CXX_LIBRARY = "libc++";
				CLANG_ENABLE_MODULES = YES;
				CLANG_ENABLE_OBJC_ARC = YES;
				CLANG_ENABLE_OBJC_WEAK = YES;
				CLANG_WARN_BLOCK_CAPTURE_AUTORELEASING = YES;
				CLANG_WARN_BOOL_CONVERSION = YES;
				CLANG_WARN_COMMA = YES;
				CLANG_WARN_CONSTANT_CONVERSION = YES;
				CLANG_WARN_DEPRECATED_OBJC_IMPLEMENTATIONS = YES;
				CLANG_WARN_DIRECT_OBJC_ISA_USAGE = YES_ERROR;
				CLANG_WARN_DOCUMENTATION_COMMENTS = YES;
				CLANG_WARN_EMPTY_BODY = YES;
				CLANG_WARN_ENUM_CONVERSION = YES;
				CLANG_WARN_INFINITE_RECURSION = YES;
				CLANG_WARN_INT_CONVERSION = YES;
				CLANG_WARN_NON_LITERAL_NULL_CONVERSION = YES;
				CLANG_WARN_OBJC_IMPLICIT_RETAIN_SELF = YES;
				CLANG_WARN_OBJC_LITERAL_CONVERSION = YES;
				CLANG_WARN_OBJC_ROOT_CLASS = YES_ERROR;
				CLANG_WARN_QUOTED_INCLUDE_IN_FRAMEWORK_HEADER = YES;
				CLANG_WARN_RANGE_LOOP_ANALYSIS = YES;
				CLANG_WARN_STRICT_PROTOTYPES = YES;
				CLANG_WARN_SUSPICIOUS_MOVE = YES;
				CLANG_WARN_UNGUARDED_AVAILABILITY = YES_AGGRESSIVE;
				CLANG_WARN_UNREACHABLE_CODE = YES;
				CLANG_WARN__DUPLICATE_METHOD_MATCH = YES;
				COPY_PHASE_STRIP = NO;
				DEBUG_INFORMATION_FORMAT = dwarf;
				ENABLE_STRICT_OBJC_MSGSEND = YES;
				ENABLE_TESTABILITY = YES;
				GCC_C_LANGUAGE_STANDARD = gnu11;
				GCC_DYNAMIC_NO_PIC = NO;
				GCC_NO_COMMON_BLOCKS = YES;
				GCC_OPTIMIZATION_LEVEL = 0;
				GCC_PREPROCESSOR_DEFINITIONS = (
					"DEBUG=1",
					"$(inherited)",
				);
				GCC_WARN_64_TO_32_BIT_CONVERSION = YES;
				GCC_WARN_ABOUT_RETURN_TYPE = YES_ERROR;
				GCC_WARN_UNDECLARED_SELECTOR = YES;
				GCC_WARN_UNINITIALIZED_AUTOS = YES_AGGRESSIVE;
				GCC_WARN_UNUSED_FUNCTION = YES;
				GCC_WARN_UNUSED_VARIABLE = YES;
				IPHONEOS_DEPLOYMENT_TARGET = 14.4;
				MTL_ENABLE_DEBUG_INFO = INCLUDE_SOURCE;
				MTL_FAST_MATH = YES;
				ONLY_ACTIVE_ARCH = YES;
				SDKROOT = iphoneos;
				SWIFT_ACTIVE_COMPILATION_CONDITIONS = DEBUG;
				SWIFT_OPTIMIZATION_LEVEL = "-Onone";
			};
			name = Debug;
		};
		22C77FE2261DAD4200D85B32 /* Release */ = {
			isa = XCBuildConfiguration;
			buildSettings = {
				ALWAYS_SEARCH_USER_PATHS = NO;
				CLANG_ANALYZER_NONNULL = YES;
				CLANG_ANALYZER_NUMBER_OBJECT_CONVERSION = YES_AGGRESSIVE;
				CLANG_CXX_LANGUAGE_STANDARD = "gnu++14";
				CLANG_CXX_LIBRARY = "libc++";
				CLANG_ENABLE_MODULES = YES;
				CLANG_ENABLE_OBJC_ARC = YES;
				CLANG_ENABLE_OBJC_WEAK = YES;
				CLANG_WARN_BLOCK_CAPTURE_AUTORELEASING = YES;
				CLANG_WARN_BOOL_CONVERSION = YES;
				CLANG_WARN_COMMA = YES;
				CLANG_WARN_CONSTANT_CONVERSION = YES;
				CLANG_WARN_DEPRECATED_OBJC_IMPLEMENTATIONS = YES;
				CLANG_WARN_DIRECT_OBJC_ISA_USAGE = YES_ERROR;
				CLANG_WARN_DOCUMENTATION_COMMENTS = YES;
				CLANG_WARN_EMPTY_BODY = YES;
				CLANG_WARN_ENUM_CONVERSION = YES;
				CLANG_WARN_INFINITE_RECURSION = YES;
				CLANG_WARN_INT_CONVERSION = YES;
				CLANG_WARN_NON_LITERAL_NULL_CONVERSION = YES;
				CLANG_WARN_OBJC_IMPLICIT_RETAIN_SELF = YES;
				CLANG_WARN_OBJC_LITERAL_CONVERSION = YES;
				CLANG_WARN_OBJC_ROOT_CLASS = YES_ERROR;
				CLANG_WARN_QUOTED_INCLUDE_IN_FRAMEWORK_HEADER = YES;
				CLANG_WARN_RANGE_LOOP_ANALYSIS = YES;
				CLANG_WARN_STRICT_PROTOTYPES = YES;
				CLANG_WARN_SUSPICIOUS_MOVE = YES;
				CLANG_WARN_UNGUARDED_AVAILABILITY = YES_AGGRESSIVE;
				CLANG_WARN_UNREACHABLE_CODE = YES;
				CLANG_WARN__DUPLICATE_METHOD_MATCH = YES;
				COPY_PHASE_STRIP = NO;
				DEBUG_INFORMATION_FORMAT = "dwarf-with-dsym";
				ENABLE_NS_ASSERTIONS = NO;
				ENABLE_STRICT_OBJC_MSGSEND = YES;
				GCC_C_LANGUAGE_STANDARD = gnu11;
				GCC_NO_COMMON_BLOCKS = YES;
				GCC_WARN_64_TO_32_BIT_CONVERSION = YES;
				GCC_WARN_ABOUT_RETURN_TYPE = YES_ERROR;
				GCC_WARN_UNDECLARED_SELECTOR = YES;
				GCC_WARN_UNINITIALIZED_AUTOS = YES_AGGRESSIVE;
				GCC_WARN_UNUSED_FUNCTION = YES;
				GCC_WARN_UNUSED_VARIABLE = YES;
				IPHONEOS_DEPLOYMENT_TARGET = 14.4;
				MTL_ENABLE_DEBUG_INFO = NO;
				MTL_FAST_MATH = YES;
				SDKROOT = iphoneos;
				SWIFT_COMPILATION_MODE = wholemodule;
				SWIFT_OPTIMIZATION_LEVEL = "-O";
				VALIDATE_PRODUCT = YES;
			};
			name = Release;
		};
		22C77FE4261DAD4200D85B32 /* Debug */ = {
			isa = XCBuildConfiguration;
			buildSettings = {
				ASSETCATALOG_COMPILER_APPICON_NAME = AppIcon;
				ASSETCATALOG_COMPILER_GLOBAL_ACCENT_COLOR_NAME = AccentColor;
				CODE_SIGN_STYLE = Automatic;
				DEVELOPMENT_ASSET_PATHS = "\"OnlyLines/Preview Content\"";
				DEVELOPMENT_TEAM = 5SK535D37N;
				ENABLE_PREVIEWS = YES;
				INFOPLIST_FILE = OnlyLines/Info.plist;
				IPHONEOS_DEPLOYMENT_TARGET = 14.0;
				LD_RUNPATH_SEARCH_PATHS = (
					"$(inherited)",
					"@executable_path/Frameworks",
				);
				PRODUCT_BUNDLE_IDENTIFIER = com.hugodaniel.OnlyLines;
				PRODUCT_NAME = "$(TARGET_NAME)";
				SWIFT_VERSION = 5.0;
				TARGETED_DEVICE_FAMILY = "1,2";
			};
			name = Debug;
		};
		22C77FE5261DAD4200D85B32 /* Release */ = {
			isa = XCBuildConfiguration;
			buildSettings = {
				ASSETCATALOG_COMPILER_APPICON_NAME = AppIcon;
				ASSETCATALOG_COMPILER_GLOBAL_ACCENT_COLOR_NAME = AccentColor;
				CODE_SIGN_STYLE = Automatic;
				DEVELOPMENT_ASSET_PATHS = "\"OnlyLines/Preview Content\"";
				DEVELOPMENT_TEAM = 5SK535D37N;
				ENABLE_PREVIEWS = YES;
				INFOPLIST_FILE = OnlyLines/Info.plist;
				IPHONEOS_DEPLOYMENT_TARGET = 14.0;
				LD_RUNPATH_SEARCH_PATHS = (
					"$(inherited)",
					"@executable_path/Frameworks",
				);
				PRODUCT_BUNDLE_IDENTIFIER = com.hugodaniel.OnlyLines;
				PRODUCT_NAME = "$(TARGET_NAME)";
				SWIFT_VERSION = 5.0;
				TARGETED_DEVICE_FAMILY = "1,2";
			};
			name = Release;
		};
		22C77FE7261DAD4200D85B32 /* Debug */ = {
			isa = XCBuildConfiguration;
			buildSettings = {
				ALWAYS_EMBED_SWIFT_STANDARD_LIBRARIES = YES;
				BUNDLE_LOADER = "$(TEST_HOST)";
				CODE_SIGN_STYLE = Automatic;
				DEVELOPMENT_TEAM = 5SK535D37N;
				INFOPLIST_FILE = OnlyLinesTests/Info.plist;
				IPHONEOS_DEPLOYMENT_TARGET = 14.0;
				LD_RUNPATH_SEARCH_PATHS = (
					"$(inherited)",
					"@executable_path/Frameworks",
					"@loader_path/Frameworks",
				);
				PRODUCT_BUNDLE_IDENTIFIER = com.hugodaniel.OnlyLinesTests;
				PRODUCT_NAME = "$(TARGET_NAME)";
				SWIFT_VERSION = 5.0;
				TARGETED_DEVICE_FAMILY = "1,2";
				TEST_HOST = "$(BUILT_PRODUCTS_DIR)/OnlyLines.app/OnlyLines";
			};
			name = Debug;
		};
		22C77FE8261DAD4200D85B32 /* Release */ = {
			isa = XCBuildConfiguration;
			buildSettings = {
				ALWAYS_EMBED_SWIFT_STANDARD_LIBRARIES = YES;
				BUNDLE_LOADER = "$(TEST_HOST)";
				CODE_SIGN_STYLE = Automatic;
				DEVELOPMENT_TEAM = 5SK535D37N;
				INFOPLIST_FILE = OnlyLinesTests/Info.plist;
				IPHONEOS_DEPLOYMENT_TARGET = 14.0;
				LD_RUNPATH_SEARCH_PATHS = (
					"$(inherited)",
					"@executable_path/Frameworks",
					"@loader_path/Frameworks",
				);
				PRODUCT_BUNDLE_IDENTIFIER = com.hugodaniel.OnlyLinesTests;
				PRODUCT_NAME = "$(TARGET_NAME)";
				SWIFT_VERSION = 5.0;
				TARGETED_DEVICE_FAMILY = "1,2";
				TEST_HOST = "$(BUILT_PRODUCTS_DIR)/OnlyLines.app/OnlyLines";
			};
			name = Release;
		};
		22C77FEA261DAD4200D85B32 /* Debug */ = {
			isa = XCBuildConfiguration;
			buildSettings = {
				ALWAYS_EMBED_SWIFT_STANDARD_LIBRARIES = YES;
				CODE_SIGN_STYLE = Automatic;
				DEVELOPMENT_TEAM = 5SK535D37N;
				INFOPLIST_FILE = OnlyLinesUITests/Info.plist;
				LD_RUNPATH_SEARCH_PATHS = (
					"$(inherited)",
					"@executable_path/Frameworks",
					"@loader_path/Frameworks",
				);
				PRODUCT_BUNDLE_IDENTIFIER = com.hugodaniel.OnlyLinesUITests;
				PRODUCT_NAME = "$(TARGET_NAME)";
				SWIFT_VERSION = 5.0;
				TARGETED_DEVICE_FAMILY = "1,2";
				TEST_TARGET_NAME = OnlyLines;
			};
			name = Debug;
		};
		22C77FEB261DAD4200D85B32 /* Release */ = {
			isa = XCBuildConfiguration;
			buildSettings = {
				ALWAYS_EMBED_SWIFT_STANDARD_LIBRARIES = YES;
				CODE_SIGN_STYLE = Automatic;
				DEVELOPMENT_TEAM = 5SK535D37N;
				INFOPLIST_FILE = OnlyLinesUITests/Info.plist;
				LD_RUNPATH_SEARCH_PATHS = (
					"$(inherited)",
					"@executable_path/Frameworks",
					"@loader_path/Frameworks",
				);
				PRODUCT_BUNDLE_IDENTIFIER = com.hugodaniel.OnlyLinesUITests;
				PRODUCT_NAME = "$(TARGET_NAME)";
				SWIFT_VERSION = 5.0;
				TARGETED_DEVICE_FAMILY = "1,2";
				TEST_TARGET_NAME = OnlyLines;
			};
			name = Release;
		};
/* End XCBuildConfiguration section */

/* Begin XCConfigurationList section */
		22C77FB9261DAD4100D85B32 /* Build configuration list for PBXProject "OnlyLines" */ = {
			isa = XCConfigurationList;
			buildConfigurations = (
				22C77FE1261DAD4200D85B32 /* Debug */,
				22C77FE2261DAD4200D85B32 /* Release */,
			);
			defaultConfigurationIsVisible = 0;
			defaultConfigurationName = Release;
		};
		22C77FE3261DAD4200D85B32 /* Build configuration list for PBXNativeTarget "OnlyLines" */ = {
			isa = XCConfigurationList;
			buildConfigurations = (
				22C77FE4261DAD4200D85B32 /* Debug */,
				22C77FE5261DAD4200D85B32 /* Release */,
			);
			defaultConfigurationIsVisible = 0;
			defaultConfigurationName = Release;
		};
		22C77FE6261DAD4200D85B32 /* Build configuration list for PBXNativeTarget "OnlyLinesTests" */ = {
			isa = XCConfigurationList;
			buildConfigurations = (
				22C77FE7261DAD4200D85B32 /* Debug */,
				22C77FE8261DAD4200D85B32 /* Release */,
			);
			defaultConfigurationIsVisible = 0;
			defaultConfigurationName = Release;
		};
		22C77FE9261DAD4200D85B32 /* Build configuration list for PBXNativeTarget "OnlyLinesUITests" */ = {
			isa = XCConfigurationList;
			buildConfigurations = (
				22C77FEA261DAD4200D85B32 /* Debug */,
				22C77FEB261DAD4200D85B32 /* Release */,
			);
			defaultConfigurationIsVisible = 0;
			defaultConfigurationName = Release;
		};
/* End XCConfigurationList section */
	};
	rootObject = 22C77FB6261DAD4100D85B32 /* Project object */;
}
